
Microsoft Visual Studio Solution File, Format Version 12.00
# Visual Studio 15
VisualStudioVersion = 15.0.26124.0
MinimumVisualStudioVersion = 15.0.26124.0
Project("{2150E333-8FDC-42A3-9474-1A3956D46DE8}") = "src", "src", "{5312F147-052D-463A-9398-A7527CEAF46E}"
EndProject
Project("{FAE04EC0-301F-11D3-BF4B-00C04F79EFBC}") = "IdentityServer", "src\IdentityServer\IdentityServer.csproj", "{E355192A-D37E-4F3A-B3C5-8B2A4CBDC2E2}"
EndProject
Project("{FAE04EC0-301F-11D3-BF4B-00C04F79EFBC}") = "Api", "src\Api\Api.csproj", "{A4B680B5-0C7F-4190-8A9E-05A65BC38FA1}"
EndProject
Project("{FAE04EC0-301F-11D3-BF4B-00C04F79EFBC}") = "Client", "src\Client\Client.csproj", "{A8179673-2D1B-46E3-9E3B-B84D0929482D}"
EndProject
Global
	GlobalSection(SolutionConfigurationPlatforms) = preSolution
		Debug|Any CPU = Debug|Any CPU
		Debug|x64 = Debug|x64
		Debug|x86 = Debug|x86
		Release|Any CPU = Release|Any CPU
		Release|x64 = Release|x64
		Release|x86 = Release|x86
	EndGlobalSection
	GlobalSection(SolutionProperties) = preSolution
		HideSolutionNode = FALSE
	EndGlobalSection
	GlobalSection(ProjectConfigurationPlatforms) = postSolution
		{E355192A-D37E-4F3A-B3C5-8B2A4CBDC2E2}.Debug|Any CPU.ActiveCfg = Debug|Any CPU
		{E355192A-D37E-4F3A-B3C5-8B2A4CBDC2E2}.Debug|Any CPU.Build.0 = Debug|Any CPU
		{E355192A-D37E-4F3A-B3C5-8B2A4CBDC2E2}.Debug|x64.ActiveCfg = Debug|Any CPU
		{E355192A-D37E-4F3A-B3C5-8B2A4CBDC2E2}.Debug|x64.Build.0 = Debug|Any CPU
		{E355192A-D37E-4F3A-B3C5-8B2A4CBDC2E2}.Debug|x86.ActiveCfg = Debug|Any CPU
		{E355192A-D37E-4F3A-B3C5-8B2A4CBDC2E2}.Debug|x86.Build.0 = Debug|Any CPU
		{E355192A-D37E-4F3A-B3C5-8B2A4CBDC2E2}.Release|Any CPU.ActiveCfg = Release|Any CPU
		{E355192A-D37E-4F3A-B3C5-8B2A4CBDC2E2}.Release|Any CPU.Build.0 = Release|Any CPU
		{E355192A-D37E-4F3A-B3C5-8B2A4CBDC2E2}.Release|x64.ActiveCfg = Release|Any CPU
		{E355192A-D37E-4F3A-B3C5-8B2A4CBDC2E2}.Release|x64.Build.0 = Release|Any CPU
		{E355192A-D37E-4F3A-B3C5-8B2A4CBDC2E2}.Release|x86.ActiveCfg = Release|Any CPU
		{E355192A-D37E-4F3A-B3C5-8B2A4CBDC2E2}.Release|x86.Build.0 = Release|Any CPU
		{A4B680B5-0C7F-4190-8A9E-05A65BC38FA1}.Debug|Any CPU.ActiveCfg = Debug|Any CPU
		{A4B680B5-0C7F-4190-8A9E-05A65BC38FA1}.Debug|Any CPU.Build.0 = Debug|Any CPU
		{A4B680B5-0C7F-4190-8A9E-05A65BC38FA1}.Debug|x64.ActiveCfg = Debug|Any CPU
		{A4B680B5-0C7F-4190-8A9E-05A65BC38FA1}.Debug|x64.Build.0 = Debug|Any CPU
		{A4B680B5-0C7F-4190-8A9E-05A65BC38FA1}.Debug|x86.ActiveCfg = Debug|Any CPU
		{A4B680B5-0C7F-4190-8A9E-05A65BC38FA1}.Debug|x86.Build.0 = Debug|Any CPU
		{A4B680B5-0C7F-4190-8A9E-05A65BC38FA1}.Release|Any CPU.ActiveCfg = Release|Any CPU
		{A4B680B5-0C7F-4190-8A9E-05A65BC38FA1}.Release|Any CPU.Build.0 = Release|Any CPU
		{A4B680B5-0C7F-4190-8A9E-05A65BC38FA1}.Release|x64.ActiveCfg = Release|Any CPU
		{A4B680B5-0C7F-4190-8A9E-05A65BC38FA1}.Release|x64.Build.0 = Release|Any CPU
		{A4B680B5-0C7F-4190-8A9E-05A65BC38FA1}.Release|x86.ActiveCfg = Release|Any CPU
		{A4B680B5-0C7F-4190-8A9E-05A65BC38FA1}.Release|x86.Build.0 = Release|Any CPU
		{A8179673-2D1B-46E3-9E3B-B84D0929482D}.Debug|Any CPU.ActiveCfg = Debug|Any CPU
		{A8179673-2D1B-46E3-9E3B-B84D0929482D}.Debug|Any CPU.Build.0 = Debug|Any CPU
		{A8179673-2D1B-46E3-9E3B-B84D0929482D}.Debug|x64.ActiveCfg = Debug|Any CPU
		{A8179673-2D1B-46E3-9E3B-B84D0929482D}.Debug|x64.Build.0 = Debug|Any CPU
		{A8179673-2D1B-46E3-9E3B-B84D0929482D}.Debug|x86.ActiveCfg = Debug|Any CPU
		{A8179673-2D1B-46E3-9E3B-B84D0929482D}.Debug|x86.Build.0 = Debug|Any CPU
		{A8179673-2D1B-46E3-9E3B-B84D0929482D}.Release|Any CPU.ActiveCfg = Release|Any CPU
		{A8179673-2D1B-46E3-9E3B-B84D0929482D}.Release|Any CPU.Build.0 = Release|Any CPU
		{A8179673-2D1B-46E3-9E3B-B84D0929482D}.Release|x64.ActiveCfg = Release|Any CPU
		{A8179673-2D1B-46E3-9E3B-B84D0929482D}.Release|x64.Build.0 = Release|Any CPU
		{A8179673-2D1B-46E3-9E3B-B84D0929482D}.Release|x86.ActiveCfg = Release|Any CPU
		{A8179673-2D1B-46E3-9E3B-B84D0929482D}.Release|x86.Build.0 = Release|Any CPU
	EndGlobalSection
	GlobalSection(NestedProjects) = preSolution
		{E355192A-D37E-4F3A-B3C5-8B2A4CBDC2E2} = {5312F147-052D-463A-9398-A7527CEAF46E}
		{A4B680B5-0C7F-4190-8A9E-05A65BC38FA1} = {5312F147-052D-463A-9398-A7527CEAF46E}
		{A8179673-2D1B-46E3-9E3B-B84D0929482D} = {5312F147-052D-463A-9398-A7527CEAF46E}
	EndGlobalSection
EndGlobal
